{
  "name": "hevy",
  "lockfileVersion": 3,
  "requires": true,
  "packages": {
    "": {
      "dependencies": {
        "hevy-mcp": "6.1.21"
      }
    },
    "node_modules/@effect/opentelemetry": {
      "version": "4.0.1",
      "resolved": "https://registry.npmjs.org/@effect/opentelemetry/-/opentelemetry-4.0.1.tgz",
      "integrity": "sha512-MZ7M1a1dxMqTqeNwIGSECjO7RrReEgeEwHo8BnbOqP+8IfVpdiJi/iPCmkFVWlAxanMl4qhsq69e0Hkul9t+bA==",
      "license": "MIT",
      "engines": {
        "node": ">=18.0.0"
      },
      "peerDependencies": {
        "@opentelemetry/api": ">=1.9.0 <2.0.0",
        "@opentelemetry/api-logs": ">=0.203.0 <0.300.0",
        "@opentelemetry/resources": ">=2.0.0 <3.0.0",
        "@opentelemetry/sdk-logs": ">=0.203.0 <0.300.0",
        "@opentelemetry/sdk-metrics": ">=2.0.0 <3.0.0",
        "@opentelemetry/sdk-trace-base": ">=2.0.0 <3.0.0",
        "@opentelemetry/sdk-trace-node": ">=2.0.0 <3.0.0",
        "@opentelemetry/sdk-trace-web": ">=2.0.0 <3.0.0",
        "@opentelemetry/semantic-conventions": ">=1.33.0 <2.0.0",
        "effect": "^4.0.1"
      },
      "peerDependenciesMeta": {
        "@opentelemetry/api": {
          "optional": true
        },
        "@opentelemetry/api-logs": {
          "optional": true
        },
        "@opentelemetry/resources": {
          "optional": true
        },
        "@opentelemetry/sdk-logs": {
          "optional": true
        },
        "@opentelemetry/sdk-metrics": {
          "optional": true
        },
        "@opentelemetry/sdk-trace-base": {
          "optional": true
        },
        "@opentelemetry/sdk-trace-node": {
          "optional": true
        },
        "@opentelemetry/sdk-trace-web": {
          "optional": true
        }
      }
    },
    "node_modules/@hono/node-server": {
      "version": "1.19.14",
      "resolved": "https://registry.npmjs.org/@hono/node-server/-/node-server-1.19.14.tgz",
      "integrity": "sha512-GwtvgtXxnWsucXvbQXkRgqksiH2Qed37H9xHZocE5sA3N8O8O8/8FA3uclQXxXVzc9XBZuEOMK7+r02FmSpHtw==",
      "license": "MIT",
      "engines": {
        "node": ">=18.14.1"
      },
      "peerDependencies": {
        "hono": "^4"
      }
    },
    "node_modules/@jridgewell/sourcemap-codec": {
      "version": "1.6.0",
      "resolved": "https://registry.npmjs.org/@jridgewell/sourcemap-codec/-/sourcemap-codec-1.6.0.tgz",
      "integrity": "sha512-T7jf+5zgsZHwNJ4lvQ7/aezbyk0nNX+zJVWpmHA7VYsEx7a7qr5Rg5IbtJFqkgze5Y2sruq1RUY8Q837Od7iFw==",
      "license": "MIT"
    },
    "node_modules/@modelcontextprotocol/core": {
      "version": "2.3.1",
      "resolved": "https://registry.npmjs.org/@modelcontextprotocol/core/-/core-2.3.1.tgz",
      "integrity": "sha512-laVmIhPGpWi7rG9q+0UigblRN0Hws/Yjlb6qLFtVqryXVLkc4h+yN8z731POD2LnAGQlFe7/tXhUm7Bi0YB91g==",
      "license": "Apache-2.0",
      "dependencies": {
        "zod": "^4.2.0"
      },
      "engines": {
        "node": ">=20"
      }
    },
    "node_modules/@modelcontextprotocol/node": {
      "version": "2.1.1",
      "resolved": "https://registry.npmjs.org/@modelcontextprotocol/node/-/node-2.1.1.tgz",
      "integrity": "sha512-EY92OAXN2xYL7tNS/MVsWJW1v8VHAPwl9B4Ca3pCrjmvqyC+S1C/6UHsMxF2GoFPraS5Yyg56vFz9brVpFojMA==",
      "license": "Apache-2.0",
      "dependencies": {
        "@hono/node-server": "^1.19.9",
        "hono": "^4.11.4"
      },
      "engines": {
        "node": ">=20"
      },
      "peerDependencies": {
        "@modelcontextprotocol/server": "^2.3.0"
      }
    },
    "node_modules/@modelcontextprotocol/server": {
      "version": "2.3.1",
      "resolved": "https://registry.npmjs.org/@modelcontextprotocol/server/-/server-2.3.1.tgz",
      "integrity": "sha512-e59MfWuSssj6DoQ96JCTqdW1AXT5/XtnTl0WWd6MU1Ka434fFUGGosCLJbGNySDhHGvxQWoRWK137FXYFkYNWw==",
      "license": "Apache-2.0",
      "dependencies": {
        "@modelcontextprotocol/core": "2.3.1",
        "zod": "^4.2.0"
      },
      "engines": {
        "node": ">=20"
      }
    },
    "node_modules/@opentelemetry/api": {
      "version": "1.9.1",
      "resolved": "https://registry.npmjs.org/@opentelemetry/api/-/api-1.9.1.tgz",
      "integrity": "sha512-gLyJlPHPZYdAk1JENA9LeHejZe1Ti77/pTeFm/nMXmQH/HFZlcS/O2XJB+L8fkbrNSqhdtlvjBVjxwUYanNH5Q==",
      "license": "Apache-2.0",
      "engines": {
        "node": ">=8.0.0"
      }
    },
    "node_modules/@opentelemetry/api-logs": {
      "version": "0.222.0",
      "resolved": "https://registry.npmjs.org/@opentelemetry/api-logs/-/api-logs-0.222.0.tgz",
      "integrity": "sha512-9mb1If+IF6u0ZVXkHQ6ogEae5HwA6ajIVUgpSDQyRASxft6BSXHvBvPooRle3yFN/fKnCdSOnuu0OC3PLcF6+g==",
      "license": "Apache-2.0",
      "dependencies": {
        "@opentelemetry/api": "^1.3.0"
      },
      "engines": {
        "node": ">=8.0.0"
      }
    },
    "node_modules/@opentelemetry/context-async-hooks": {
      "version": "2.12.0",
      "resolved": "https://registry.npmjs.org/@opentelemetry/context-async-hooks/-/context-async-hooks-2.12.0.tgz",
      "integrity": "sha512-iK/1nD7mmZVkuYjVjkdFBiCvzntJdFny1S3CYbUYyOq7V5enL6XX+gJ7eh965L1LnS11VA8mQ7Ej/ck04SB0MQ==",
      "license": "Apache-2.0",
      "engines": {
        "node": "^18.19.0 || >=20.6.0"
      },
      "peerDependencies": {
        "@opentelemetry/api": ">=1.0.0 <1.10.0"
      }
    },
    "node_modules/@opentelemetry/core": {
      "version": "2.11.0",
      "resolved": "https://registry.npmjs.org/@opentelemetry/core/-/core-2.11.0.tgz",
      "integrity": "sha512-7YP44XH0tV6+Mb54x2YGf84i7yi+31MBZlE8JwvozkxyTvXbSp10X7cI7YE49ChJ3shMJoBmCJF3+1QFBJctGA==",
      "license": "Apache-2.0",
      "dependencies": {
        "@opentelemetry/semantic-conventions": "^1.29.0"
      },
      "engines": {
        "node": "^18.19.0 || >=20.6.0"
      },
      "peerDependencies": {
        "@opentelemetry/api": ">=1.0.0 <1.10.0"
      }
    },
    "node_modules/@opentelemetry/exporter-metrics-otlp-http": {
      "version": "0.222.0",
      "resolved": "https://registry.npmjs.org/@opentelemetry/exporter-metrics-otlp-http/-/exporter-metrics-otlp-http-0.222.0.tgz",
      "integrity": "sha512-6Ko+0bgNP6V4G/RsmNBSk5lO1B/lo9z6tvLpFY3ykPPevXNzFmOW3C9hEmTt0zKCvHovyrol3TYlg4HVb5gwjg==",
      "license": "Apache-2.0",
      "dependencies": {
        "@opentelemetry/core": "2.11.0",
        "@opentelemetry/otlp-exporter-base": "0.222.0",
        "@opentelemetry/otlp-transformer": "0.222.0",
        "@opentelemetry/resources": "2.11.0",
        "@opentelemetry/sdk-metrics": "2.11.0"
      },
      "engines": {
        "node": "^18.19.0 || >=20.6.0"
      },
      "peerDependencies": {
        "@opentelemetry/api": "^1.3.0"
      }
    },
    "node_modules/@opentelemetry/exporter-trace-otlp-http": {
      "version": "0.222.0",
      "resolved": "https://registry.npmjs.org/@opentelemetry/exporter-trace-otlp-http/-/exporter-trace-otlp-http-0.222.0.tgz",
      "integrity": "sha512-RCnPWcHppwiquQ+cV3nWvNwdf0MG1w26e5jewW2T83nTZOlXgcg88sY9ulCVgagGHcq1mj0L0GP6YHgzk2v8oA==",
      "license": "Apache-2.0",
      "dependencies": {
        "@opentelemetry/otlp-exporter-base": "0.222.0",
        "@opentelemetry/otlp-transformer": "0.222.0",
        "@opentelemetry/sdk-trace": "2.11.0"
      },
      "engines": {
        "node": "^18.19.0 || >=20.6.0"
      },
      "peerDependencies": {
        "@opentelemetry/api": "^1.3.0"
      }
    },
    "node_modules/@opentelemetry/exporter-trace-otlp-http/node_modules/@opentelemetry/sdk-trace": {
      "version": "2.11.0",
      "resolved": "https://registry.npmjs.org/@opentelemetry/sdk-trace/-/sdk-trace-2.11.0.tgz",
      "integrity": "sha512-fFnTqGm8/G73GQVnxYi7LXa1ZVYEUvgL6XI1LpvV0bPC7WQ/ZGgKxCSl8FnlZBKto9JHHEFTO6s6CUpvvtwFrA==",
      "license": "Apache-2.0",
      "dependencies": {
        "@opentelemetry/core": "2.11.0",
        "@opentelemetry/resources": "2.11.0",
        "@opentelemetry/semantic-conventions": "^1.29.0"
      },
      "engines": {
        "node": "^18.19.0 || >=20.6.0"
      },
      "peerDependencies": {
        "@opentelemetry/api": ">=1.3.0 <1.10.0"
      }
    },
    "node_modules/@opentelemetry/otlp-exporter-base": {
      "version": "0.222.0",
      "resolved": "https://registry.npmjs.org/@opentelemetry/otlp-exporter-base/-/otlp-exporter-base-0.222.0.tgz",
      "integrity": "sha512-YbywG3veEm2Fb6TbdxRkuquWob6eVWXuA8/Ba1tXz9jHfUqpdE3keilOHEtPboC4CvS1bjeeVfNkWGOOrLj+lw==",
      "license": "Apache-2.0",
      "dependencies": {
        "@opentelemetry/core": "2.11.0",
        "@opentelemetry/otlp-transformer": "0.222.0"
      },
      "engines": {
        "node": "^18.19.0 || >=20.6.0"
      },
      "peerDependencies": {
        "@opentelemetry/api": "^1.3.0"
      }
    },
    "node_modules/@opentelemetry/otlp-transformer": {
      "version": "0.222.0",
      "resolved": "https://registry.npmjs.org/@opentelemetry/otlp-transformer/-/otlp-transformer-0.222.0.tgz",
      "integrity": "sha512-/F3BZ89+CJQnZkMh2tCrtcdB+XT2Dxhj4FFE+WPQ//413hmFL0/RfEX6vgOIWGhiSzrkHWTK3+6SiT7K5/g/jQ==",
      "license": "Apache-2.0",
      "dependencies": {
        "@opentelemetry/api-logs": "0.222.0",
        "@opentelemetry/core": "2.11.0",
        "@opentelemetry/resources": "2.11.0",
        "@opentelemetry/sdk-logs": "0.222.0",
        "@opentelemetry/sdk-metrics": "2.11.0",
        "@opentelemetry/sdk-trace": "2.11.0"
      },
      "engines": {
        "node": "^18.19.0 || >=20.6.0"
      },
      "peerDependencies": {
        "@opentelemetry/api": "^1.3.0"
      }
    },
    "node_modules/@opentelemetry/otlp-transformer/node_modules/@opentelemetry/sdk-trace": {
      "version": "2.11.0",
      "resolved": "https://registry.npmjs.org/@opentelemetry/sdk-trace/-/sdk-trace-2.11.0.tgz",
      "integrity": "sha512-fFnTqGm8/G73GQVnxYi7LXa1ZVYEUvgL6XI1LpvV0bPC7WQ/ZGgKxCSl8FnlZBKto9JHHEFTO6s6CUpvvtwFrA==",
      "license": "Apache-2.0",
      "dependencies": {
        "@opentelemetry/core": "2.11.0",
        "@opentelemetry/resources": "2.11.0",
        "@opentelemetry/semantic-conventions": "^1.29.0"
      },
      "engines": {
        "node": "^18.19.0 || >=20.6.0"
      },
      "peerDependencies": {
        "@opentelemetry/api": ">=1.3.0 <1.10.0"
      }
    },
    "node_modules/@opentelemetry/resources": {
      "version": "2.11.0",
      "resolved": "https://registry.npmjs.org/@opentelemetry/resources/-/resources-2.11.0.tgz",
      "integrity": "sha512-Ie7+8q8MDF4FAEQCKVMTx3ReUvxiIAgIiiW3c9JdmP8+HMcDy20puT+AHjexnExgnbvBxjQ9fjkFDWrikJ2jQA==",
      "license": "Apache-2.0",
      "dependencies": {
        "@opentelemetry/core": "2.11.0",
        "@opentelemetry/semantic-conventions": "^1.29.0"
      },
      "engines": {
        "node": "^18.19.0 || >=20.6.0"
      },
      "peerDependencies": {
        "@opentelemetry/api": ">=1.3.0 <1.10.0"
      }
    },
    "node_modules/@opentelemetry/sdk-logs": {
      "version": "0.222.0",
      "resolved": "https://registry.npmjs.org/@opentelemetry/sdk-logs/-/sdk-logs-0.222.0.tgz",
      "integrity": "sha512-+19YHODIjaUCArxleaJtuufFZVpz/xvvK+VllQqE+W8hHolxdoRwHfK/s667zezwh1hkx6FFF+oYzetYgqK+Bg==",
      "license": "Apache-2.0",
      "dependencies": {
        "@opentelemetry/api-logs": "0.222.0",
        "@opentelemetry/core": "2.11.0",
        "@opentelemetry/resources": "2.11.0",
        "@opentelemetry/semantic-conventions": "^1.29.0"
      },
      "engines": {
        "node": "^18.19.0 || >=20.6.0"
      },
      "peerDependencies": {
        "@opentelemetry/api": ">=1.4.0 <1.10.0"
      }
    },
    "node_modules/@opentelemetry/sdk-metrics": {
      "version": "2.11.0",
      "resolved": "https://registry.npmjs.org/@opentelemetry/sdk-metrics/-/sdk-metrics-2.11.0.tgz",
      "integrity": "sha512-7GXXcObyHyDUUSG+L+kJoquty01bzm7ivE7+SSgXXJcHuPzGviptxwARmI2c+bnnxjexGQbJnyNlN8HxBP/Y7A==",
      "license": "Apache-2.0",
      "dependencies": {
        "@opentelemetry/core": "2.11.0",
        "@opentelemetry/resources": "2.11.0"
      },
      "engines": {
        "node": "^18.19.0 || >=20.6.0"
      },
      "peerDependencies": {
        "@opentelemetry/api": ">=1.9.0 <1.10.0"
      }
    },
    "node_modules/@opentelemetry/sdk-trace": {
      "version": "2.12.0",
      "resolved": "https://registry.npmjs.org/@opentelemetry/sdk-trace/-/sdk-trace-2.12.0.tgz",
      "integrity": "sha512-ImVuRQ6faOsTi1Wna88s2avgrrf/iDgXPigIeynkUhjstMuoQUDOJXgkez2j1mlU4btjXcXBGa+q7qKFYR3GsA==",
      "license": "Apache-2.0",
      "dependencies": {
        "@opentelemetry/core": "2.12.0",
        "@opentelemetry/resources": "2.12.0",
        "@opentelemetry/semantic-conventions": "^1.29.0"
      },
      "engines": {
        "node": "^18.19.0 || >=20.6.0"
      },
      "peerDependencies": {
        "@opentelemetry/api": ">=1.3.0 <1.10.0"
      }
    },
    "node_modules/@opentelemetry/sdk-trace-base": {
      "version": "2.12.0",
      "resolved": "https://registry.npmjs.org/@opentelemetry/sdk-trace-base/-/sdk-trace-base-2.12.0.tgz",
      "integrity": "sha512-JOERgZCxRM06FEJ5kEWxlSRChah6MmXDx3KwCruqEv/iEyLkTokCSemf2y1w8oIHtfrr8EVTpzebq/31vn2Cpg==",
      "license": "Apache-2.0",
      "dependencies": {
        "@opentelemetry/core": "2.12.0",
        "@opentelemetry/resources": "2.12.0",
        "@opentelemetry/sdk-trace": "2.12.0",
        "@opentelemetry/semantic-conventions": "^1.29.0"
      },
      "engines": {
        "node": "^18.19.0 || >=20.6.0"
      },
      "peerDependencies": {
        "@opentelemetry/api": ">=1.3.0 <1.10.0"
      }
    },
    "node_modules/@opentelemetry/sdk-trace-base/node_modules/@opentelemetry/core": {
      "version": "2.12.0",
      "resolved": "https://registry.npmjs.org/@opentelemetry/core/-/core-2.12.0.tgz",
      "integrity": "sha512-1HsSAuvT4/my0QrXWsyXFdWjKaPeCHsismKZgEEIb8NK13LP6DrMRlsUbvD/0F9mDWK3xDom9AMv3IscxgOnOQ==",
      "license": "Apache-2.0",
      "dependencies": {
        "@opentelemetry/semantic-conventions": "^1.29.0"
      },
      "engines": {
        "node": "^18.19.0 || >=20.6.0"
      },
      "peerDependencies": {
        "@opentelemetry/api": ">=1.0.0 <1.10.0"
      }
    },
    "node_modules/@opentelemetry/sdk-trace-base/node_modules/@opentelemetry/resources": {
      "version": "2.12.0",
      "resolved": "https://registry.npmjs.org/@opentelemetry/resources/-/resources-2.12.0.tgz",
      "integrity": "sha512-+rSRoOdln6NhXTVcBdHSlZxJDNzwxadeweK2ltZO3tVtfp6aklABc06xclDk6ovRR+EiGgIcSbh/6NgjFhnb3A==",
      "license": "Apache-2.0",
      "dependencies": {
        "@opentelemetry/core": "2.12.0",
        "@opentelemetry/semantic-conventions": "^1.29.0"
      },
      "engines": {
        "node": "^18.19.0 || >=20.6.0"
      },
      "peerDependencies": {
        "@opentelemetry/api": ">=1.3.0 <1.10.0"
      }
    },
    "node_modules/@opentelemetry/sdk-trace-node": {
      "version": "2.12.0",
      "resolved": "https://registry.npmjs.org/@opentelemetry/sdk-trace-node/-/sdk-trace-node-2.12.0.tgz",
      "integrity": "sha512-9DufH1IlmQMoKAfot5y/FhTP1RnmhLb5K6eKmJO/bvzPjYwPAazoiAUbTZFdPbqxOXN0FEbhZx/e6SB1Og4jmg==",
      "license": "Apache-2.0",
      "dependencies": {
        "@opentelemetry/context-async-hooks": "2.12.0",
        "@opentelemetry/core": "2.12.0",
        "@opentelemetry/sdk-trace-base": "2.12.0"
      },
      "engines": {
        "node": "^18.19.0 || >=20.6.0"
      },
      "peerDependencies": {
        "@opentelemetry/api": ">=1.0.0 <1.10.0"
      }
    },
    "node_modules/@opentelemetry/sdk-trace-node/node_modules/@opentelemetry/core": {
      "version": "2.12.0",
      "resolved": "https://registry.npmjs.org/@opentelemetry/core/-/core-2.12.0.tgz",
      "integrity": "sha512-1HsSAuvT4/my0QrXWsyXFdWjKaPeCHsismKZgEEIb8NK13LP6DrMRlsUbvD/0F9mDWK3xDom9AMv3IscxgOnOQ==",
      "license": "Apache-2.0",
      "dependencies": {
        "@opentelemetry/semantic-conventions": "^1.29.0"
      },
      "engines": {
        "node": "^18.19.0 || >=20.6.0"
      },
      "peerDependencies": {
        "@opentelemetry/api": ">=1.0.0 <1.10.0"
      }
    },
    "node_modules/@opentelemetry/sdk-trace/node_modules/@opentelemetry/core": {
      "version": "2.12.0",
      "resolved": "https://registry.npmjs.org/@opentelemetry/core/-/core-2.12.0.tgz",
      "integrity": "sha512-1HsSAuvT4/my0QrXWsyXFdWjKaPeCHsismKZgEEIb8NK13LP6DrMRlsUbvD/0F9mDWK3xDom9AMv3IscxgOnOQ==",
      "license": "Apache-2.0",
      "dependencies": {
        "@opentelemetry/semantic-conventions": "^1.29.0"
      },
      "engines": {
        "node": "^18.19.0 || >=20.6.0"
      },
      "peerDependencies": {
        "@opentelemetry/api": ">=1.0.0 <1.10.0"
      }
    },
    "node_modules/@opentelemetry/sdk-trace/node_modules/@opentelemetry/resources": {
      "version": "2.12.0",
      "resolved": "https://registry.npmjs.org/@opentelemetry/resources/-/resources-2.12.0.tgz",
      "integrity": "sha512-+rSRoOdln6NhXTVcBdHSlZxJDNzwxadeweK2ltZO3tVtfp6aklABc06xclDk6ovRR+EiGgIcSbh/6NgjFhnb3A==",
      "license": "Apache-2.0",
      "dependencies": {
        "@opentelemetry/core": "2.12.0",
        "@opentelemetry/semantic-conventions": "^1.29.0"
      },
      "engines": {
        "node": "^18.19.0 || >=20.6.0"
      },
      "peerDependencies": {
        "@opentelemetry/api": ">=1.3.0 <1.10.0"
      }
    },
    "node_modules/@opentelemetry/semantic-conventions": {
      "version": "1.41.1",
      "resolved": "https://registry.npmjs.org/@opentelemetry/semantic-conventions/-/semantic-conventions-1.41.1.tgz",
      "integrity": "sha512-/UhIkaZgPutTFmQ7RnIJGgDXZmtEJ7Dvi86xNTFWcnRxVRNk/aotsqDJYeEvDP+FSMB2SdW+pQzNMcWP0rwuNA==",
      "license": "Apache-2.0",
      "engines": {
        "node": ">=14"
      }
    },
    "node_modules/@oxc-parser/binding-android-arm-eabi": {
      "version": "0.152.0",
      "resolved": "https://registry.npmjs.org/@oxc-parser/binding-android-arm-eabi/-/binding-android-arm-eabi-0.152.0.tgz",
      "integrity": "sha512-393VtirINkae4XHBTkq/yQxhOwEr4V+r0et37P2fp+sYZSdYgZTRDPo5Um8vBh0QjMZ+RmaMy4PP0qwr4cTMwA==",
      "cpu": [
        "arm"
      ],
      "license": "MIT",
      "optional": true,
      "os": [
        "android"
      ],
      "engines": {
        "node": "^20.19.0 || >=22.12.0"
      }
    },
    "node_modules/@oxc-parser/binding-android-arm64": {
      "version": "0.152.0",
      "resolved": "https://registry.npmjs.org/@oxc-parser/binding-android-arm64/-/binding-android-arm64-0.152.0.tgz",
      "integrity": "sha512-iYFcExATJNZ0rZj0o02THbD1Nc9jAW0nVgIQPee6ejbSASpbZXlIMw8jxtpzaG14JQTWwGSZ6U5dEtRJXE6V3Q==",
      "cpu": [
        "arm64"
      ],
      "license": "MIT",
      "optional": true,
      "os": [
        "android"
      ],
      "engines": {
        "node": "^20.19.0 || >=22.12.0"
      }
    },
    "node_modules/@oxc-parser/binding-darwin-arm64": {
      "version": "0.152.0",
      "resolved": "https://registry.npmjs.org/@oxc-parser/binding-darwin-arm64/-/binding-darwin-arm64-0.152.0.tgz",
      "integrity": "sha512-fnU+DfUzi5/rFy0LzmipYRz06PAUUkOS8kCJQ3Eg6oqlunC1XZXoffFqxmdL51RmcbYtUG3P8DVG1U5fckoa2A==",
      "cpu": [
        "arm64"
      ],
      "license": "MIT",
      "optional": true,
      "os": [
        "darwin"
      ],
      "engines": {
        "node": "^20.19.0 || >=22.12.0"
      }
    },
    "node_modules/@oxc-parser/binding-darwin-x64": {
      "version": "0.152.0",
      "resolved": "https://registry.npmjs.org/@oxc-parser/binding-darwin-x64/-/binding-darwin-x64-0.152.0.tgz",
      "integrity": "sha512-Y3U2okryWTs7hDld6UhjJwLNf8/do+x4g4C+1U5SiGwrTLwbO83WJYJA8+l9iFSilWBgnfpd/+U76tfeNxUHzA==",
      "cpu": [
        "x64"
      ],
      "license": "MIT",
      "optional": true,
      "os": [
        "darwin"
      ],
      "engines": {
        "node": "^20.19.0 || >=22.12.0"
      }
    },
    "node_modules/@oxc-parser/binding-freebsd-x64": {
      "version": "0.152.0",
      "resolved": "https://registry.npmjs.org/@oxc-parser/binding-freebsd-x64/-/binding-freebsd-x64-0.152.0.tgz",
      "integrity": "sha512-XkhkRrrPffEw+ZLv/d/5pEni0buxinm/E/N6fLbJCunD1DBbeCTtVP23ESV+4CWCWdSz397asks1ViGslpmWiQ==",
      "cpu": [
        "x64"
      ],
      "license": "MIT",
      "optional": true,
      "os": [
        "freebsd"
      ],
      "engines": {
        "node": "^20.19.0 || >=22.12.0"
      }
    },
    "node_modules/@oxc-parser/binding-linux-arm-gnueabihf": {
      "version": "0.152.0",
      "resolved": "https://registry.npmjs.org/@oxc-parser/binding-linux-arm-gnueabihf/-/binding-linux-arm-gnueabihf-0.152.0.tgz",
      "integrity": "sha512-MLzsRRbdfmdzo6JEhbC1yKU9ItfvM8tEf18HM32jCiNYZEz6J3bRBRl3cTkKR0vBdrk9ZVlcARXtwHccs+epDA==",
      "cpu": [
        "arm"
      ],
      "license": "MIT",
      "optional": true,
      "os": [
        "linux"
      ],
      "engines": {
        "node": "^20.19.0 || >=22.12.0"
      }
    },
    "node_modules/@oxc-parser/binding-linux-arm-musleabihf": {
      "version": "0.152.0",
      "resolved": "https://registry.npmjs.org/@oxc-parser/binding-linux-arm-musleabihf/-/binding-linux-arm-musleabihf-0.152.0.tgz",
      "integrity": "sha512-HHerTEJz7Iy10Ji6BGsk4gqG6PU0UzFuBu91jIEOX89FnrI5ECWSEr7BLpkYQhp7U0QFtMnBhNfQKI0hYZK78w==",
      "cpu": [
        "arm"
      ],
      "license": "MIT",
      "optional": true,
      "os": [
        "linux"
      ],
      "engines": {
        "node": "^20.19.0 || >=22.12.0"
      }
    },
    "node_modules/@oxc-parser/binding-linux-arm64-gnu": {
      "version": "0.152.0",
      "resolved": "https://registry.npmjs.org/@oxc-parser/binding-linux-arm64-gnu/-/binding-linux-arm64-gnu-0.152.0.tgz",
      "integrity": "sha512-9Bb8GyzZ2uSLzRDZ27usaKokr07mxiBe2dDF5b6bd2janmaJTT1gL51UfP7AU30yFiXrJvcRyFKREAgKwZYs0w==",
      "cpu": [
        "arm64"
      ],
      "libc": [
        "glibc"
      ],
      "license": "MIT",
      "optional": true,
      "os": [
        "linux"
      ],
      "engines": {
        "node": "^20.19.0 || >=22.12.0"
      }
    },
    "node_modules/@oxc-parser/binding-linux-arm64-musl": {
      "version": "0.152.0",
      "resolved": "https://registry.npmjs.org/@oxc-parser/binding-linux-arm64-musl/-/binding-linux-arm64-musl-0.152.0.tgz",
      "integrity": "sha512-om7iDMUroI74A/lfRRWY9/Ev3VWrVsrUZ4tyvyh8raBey/sdcfyAD7tYWc+iykAiotnmftyKTpUKFr1QnaBrAQ==",
      "cpu": [
        "arm64"
      ],
      "libc": [
        "musl"
      ],
      "license": "MIT",
      "optional": true,
      "os": [
        "linux"
      ],
      "engines": {
        "node": "^20.19.0 || >=22.12.0"
      }
    },
    "node_modules/@oxc-parser/binding-linux-ppc64-gnu": {
      "version": "0.152.0",
      "resolved": "https://registry.npmjs.org/@oxc-parser/binding-linux-ppc64-gnu/-/binding-linux-ppc64-gnu-0.152.0.tgz",
      "integrity": "sha512-Lf1OL2lMTqwDMFC6jnRb30B+WYHKV0XT+bPHcFM6xHtNVwxpobiTzUIvKH6a0LWpvfwyru8Yu6zCGHqqFHH+gg==",
      "cpu": [
        "ppc64"
      ],
      "libc": [
        "glibc"
      ],
      "license": "MIT",
      "optional": true,
      "os": [
        "linux"
      ],
      "engines": {
        "node": "^20.19.0 || >=22.12.0"
      }
    },
    "node_modules/@oxc-parser/binding-linux-riscv64-gnu": {
      "version": "0.152.0",
      "resolved": "https://registry.npmjs.org/@oxc-parser/binding-linux-riscv64-gnu/-/binding-linux-riscv64-gnu-0.152.0.tgz",
      "integrity": "sha512-BYWSMQK+YJ9ZILStPcmmiSVq8KEG9Qdq/c4BHPC3rUEq/fEDCVjUIwdj5ZzjgZ9P9is9PKu0tcAXzq1ZXg4urQ==",
      "cpu": [
        "riscv64"
      ],
      "libc": [
        "glibc"
      ],
      "license": "MIT",
      "optional": true,
      "os": [
        "linux"
      ],
      "engines": {
        "node": "^20.19.0 || >=22.12.0"
      }
    },
    "node_modules/@oxc-parser/binding-linux-riscv64-musl": {
      "version": "0.152.0",
      "resolved": "https://registry.npmjs.org/@oxc-parser/binding-linux-riscv64-musl/-/binding-linux-riscv64-musl-0.152.0.tgz",
      "integrity": "sha512-d2LqHNNNqdH185sRK5dPKWZu201JrNu9/CRFuVEuT+ht7n/QaVblEMWT9MALQPrDWYvhG10P+NSKJFquDWZ09w==",
      "cpu": [
        "riscv64"
      ],
      "libc": [
        "musl"
      ],
      "license": "MIT",
      "optional": true,
      "os": [
        "linux"
      ],
      "engines": {
        "node": "^20.19.0 || >=22.12.0"
      }
    },
    "node_modules/@oxc-parser/binding-linux-s390x-gnu": {
      "version": "0.152.0",
      "resolved": "https://registry.npmjs.org/@oxc-parser/binding-linux-s390x-gnu/-/binding-linux-s390x-gnu-0.152.0.tgz",
      "integrity": "sha512-8gBeHt5rA/8+pKhHl+zLggfa3L/V/L2at96p7ty6pBE7id6lFO19nFUc15u2PcjC4OYeYK465MKy1fhhbpFIGw==",
      "cpu": [
        "s390x"
      ],
      "libc": [
        "glibc"
      ],
      "license": "MIT",
      "optional": true,
      "os": [
        "linux"
      ],
      "engines": {
        "node": "^20.19.0 || >=22.12.0"
      }
    },
    "node_modules/@oxc-parser/binding-linux-x64-gnu": {
      "version": "0.152.0",
      "resolved": "https://registry.npmjs.org/@oxc-parser/binding-linux-x64-gnu/-/binding-linux-x64-gnu-0.152.0.tgz",
      "integrity": "sha512-ltgrSF6L+yPTVsIdaAyqKq3zTqzj/1VlNbxWZuxAe8flR3sWdyNsKvdXukoO8/ucJbLickhmieRBge+o/e8Ugw==",
      "cpu": [
        "x64"
      ],
      "libc": [
        "glibc"
      ],
      "license": "MIT",
      "optional": true,
      "os": [
        "linux"
      ],
      "engines": {
        "node": "^20.19.0 || >=22.12.0"
      }
    },
    "node_modules/@oxc-parser/binding-linux-x64-musl": {
      "version": "0.152.0",
      "resolved": "https://registry.npmjs.org/@oxc-parser/binding-linux-x64-musl/-/binding-linux-x64-musl-0.152.0.tgz",
      "integrity": "sha512-LcMp6BvrBnewSfdkLHoSqidhoAq4syKOTBV5TYHWd+2VnGkfD/nPRRVIzTBt/Lkbt7pfOFDGtkiTntFS0p6sQQ==",
      "cpu": [
        "x64"
      ],
      "libc": [
        "musl"
      ],
      "license": "MIT",
      "optional": true,
      "os": [
        "linux"
      ],
      "engines": {
        "node": "^20.19.0 || >=22.12.0"
      }
    },
    "node_modules/@oxc-parser/binding-openharmony-arm64": {
      "version": "0.152.0",
      "resolved": "https://registry.npmjs.org/@oxc-parser/binding-openharmony-arm64/-/binding-openharmony-arm64-0.152.0.tgz",
      "integrity": "sha512-jbhoMCslVxzRCRNQ8TSHxjYdSKRvk8O6ciLVDkahJvmyHDzBqba/bMQHM6ULKj/rgHNNbSzlIiakdx8SEfkJzA==",
      "cpu": [
        "arm64"
      ],
      "license": "MIT",
      "optional": true,
      "os": [
        "openharmony"
      ],
      "engines": {
        "node": "^20.19.0 || >=22.12.0"
      }
    },
    "node_modules/@oxc-parser/binding-win32-arm64-msvc": {
      "version": "0.152.0",
      "resolved": "https://registry.npmjs.org/@oxc-parser/binding-win32-arm64-msvc/-/binding-win32-arm64-msvc-0.152.0.tgz",
      "integrity": "sha512-JZYVlhv36mr/nertnRB7vchJECOBb1Lz6lltalILsB+o9M/is+H6BEDRLQKdqA4JKs6NjJszo46+iM5sfwj6jQ==",
      "cpu": [
        "arm64"
      ],
      "license": "MIT",
      "optional": true,
      "os": [
        "win32"
      ],
      "engines": {
        "node": "^20.19.0 || >=22.12.0"
      }
    },
    "node_modules/@oxc-parser/binding-win32-ia32-msvc": {
      "version": "0.152.0",
      "resolved": "https://registry.npmjs.org/@oxc-parser/binding-win32-ia32-msvc/-/binding-win32-ia32-msvc-0.152.0.tgz",
      "integrity": "sha512-1X9oganvVsunRH0lH10UU05N+H9atpX6WsOybByUjwnfcd3h/0tYwvuv16XuHglrIUOnxV2TodbLVEwwafd64g==",
      "cpu": [
        "ia32"
      ],
      "license": "MIT",
      "optional": true,
      "os": [
        "win32"
      ],
      "engines": {
        "node": "^20.19.0 || >=22.12.0"
      }
    },
    "node_modules/@oxc-parser/binding-win32-x64-msvc": {
      "version": "0.152.0",
      "resolved": "https://registry.npmjs.org/@oxc-parser/binding-win32-x64-msvc/-/binding-win32-x64-msvc-0.152.0.tgz",
      "integrity": "sha512-sw0M80/dn9rcpu+Rqqph/C+MjvDDce6MlXmFjsNQtPEymha0eJy3ml6+foSUTqFfpDIDyHZZ4eoJ43IoMe8bJw==",
      "cpu": [
        "x64"
      ],
      "license": "MIT",
      "optional": true,
      "os": [
        "win32"
      ],
      "engines": {
        "node": "^20.19.0 || >=22.12.0"
      }
    },
    "node_modules/@oxc-project/types": {
      "version": "0.152.0",
      "resolved": "https://registry.npmjs.org/@oxc-project/types/-/types-0.152.0.tgz",
      "integrity": "sha512-oM/5rLBm2tPkg0iBgkH/FOeR3PCDpY19GTgAZjMFM8h9WI9VW7cLgzp6nwtarYKmovavIQZ+Fe/RKX/8C8O/Rw==",
      "license": "MIT",
      "funding": {
        "url": "https://github.com/sponsors/oxc-project"
      }
    },
    "node_modules/@sentry/bundler-plugins": {
      "version": "11.5.0",
      "resolved": "https://registry.npmjs.org/@sentry/bundler-plugins/-/bundler-plugins-11.5.0.tgz",
      "integrity": "sha512-3stxFCNFO2f8GTOsF0rgUOa1UN0if4GYQspZTCdI0MISKinIsts5z3QJUeyZDnGjPkUBBoTo7STuUSqiK88IQg==",
      "license": "MIT",
      "dependencies": {
        "@sentry/core": "11.5.0",
        "dotenv": "^17.4.2",
        "glob": "^13.0.6",
        "magic-string": "~0.30.8 || ^1.0.0",
        "oxc-parser": "^0.152.0",
        "sentry": "^0.45.0",
        "supports-color": "^8.1.1"
      },
      "engines": {
        "node": ">=20.19.0 <22.0.0 || >=22.12.0 <23.0.0 || >=23.2.0"
      },
      "peerDependencies": {
        "@babel/core": "^7.18.5",
        "rollup": ">=3.2.0",
        "webpack": ">=5.1.0"
      },
      "peerDependenciesMeta": {
        "@babel/core": {
          "optional": true
        },
        "rollup": {
          "optional": true
        },
        "webpack": {
          "optional": true
        }
      }
    },
    "node_modules/@sentry/conventions": {
      "version": "0.26.0",
      "resolved": "https://registry.npmjs.org/@sentry/conventions/-/conventions-0.26.0.tgz",
      "integrity": "sha512-ttSRcoLf2kIENDIFzH12aJaVMdxnidMYLvVNwEX/JjXfXaQot8u5M47QmgAFOOhVJ4nQ2uU8wTCh+fwSPrrCfg==",
      "license": "MIT",
      "engines": {
        "node": ">=14"
      }
    },
    "node_modules/@sentry/core": {
      "version": "11.5.0",
      "resolved": "https://registry.npmjs.org/@sentry/core/-/core-11.5.0.tgz",
      "integrity": "sha512-flEMRAfk8t3JW7w32shN6piuLJESkuryF90WzMn75ZGEiVoXkhStOvLT8qX8SQaLeFll4vLp7nDPdTsdJe1APw==",
      "license": "MIT",
      "dependencies": {
        "@sentry/conventions": "^0.26.0"
      },
      "engines": {
        "node": ">=20.19.0 <22.0.0 || >=22.12.0 <23.0.0 || >=23.2.0"
      }
    },
    "node_modules/@sentry/node": {
      "version": "11.5.0",
      "resolved": "https://registry.npmjs.org/@sentry/node/-/node-11.5.0.tgz",
      "integrity": "sha512-uNSFtwEjeRzUPnrpnMIW3g8j4sivk+StlvlpEMZ46zKsBF597UZ7XNldKUJDwopURybhai1wZ8xjc46ufsv1jg==",
      "license": "MIT",
      "dependencies": {
        "@opentelemetry/api": "^1.9.1",
        "@sentry/bundler-plugins": "11.5.0",
        "@sentry/conventions": "^0.26.0",
        "@sentry/core": "11.5.0",
        "@sentry/opentelemetry": "11.5.0",
        "@sentry/server-runtime-injection": "11.5.0",
        "@sentry/server-utils": "11.5.0"
      },
      "engines": {
        "node": ">=20.19.0 <22.0.0 || >=22.12.0 <23.0.0 || >=23.2.0"
      }
    },
    "node_modules/@sentry/opentelemetry": {
      "version": "11.5.0",
      "resolved": "https://registry.npmjs.org/@sentry/opentelemetry/-/opentelemetry-11.5.0.tgz",
      "integrity": "sha512-k+YlAjKO9iPOb1w/KXjIPZE2P4PcxhuoafXr1EN0yCCs0BFgkgQNDP/S+nw78GLzb2SLs3MtwWbLHOMLMRJM5Q==",
      "license": "MIT",
      "dependencies": {
        "@sentry/conventions": "^0.26.0",
        "@sentry/core": "11.5.0"
      },
      "engines": {
        "node": ">=20.19.0 <22.0.0 || >=22.12.0 <23.0.0 || >=23.2.0"
      },
      "peerDependencies": {
        "@opentelemetry/api": "^1.9.0"
      }
    },
    "node_modules/@sentry/server-runtime-injection": {
      "version": "11.5.0",
      "resolved": "https://registry.npmjs.org/@sentry/server-runtime-injection/-/server-runtime-injection-11.5.0.tgz",
      "integrity": "sha512-6hmiiFJanSKDfUNBdrwRm47g8CBgFdDcxFguMh3QaRmIim0c5V0eMUfMRJuWhk+NKuI/rsFyj8B5qdBD+5h4Kg==",
      "license": "MIT",
      "dependencies": {
        "@sentry/core": "11.5.0",
        "@sentry/server-utils": "11.5.0"
      },
      "engines": {
        "node": ">=20.19.0 <22.0.0 || >=22.12.0 <23.0.0 || >=23.2.0"
      }
    },
    "node_modules/@sentry/server-utils": {
      "version": "11.5.0",
      "resolved": "https://registry.npmjs.org/@sentry/server-utils/-/server-utils-11.5.0.tgz",
      "integrity": "sha512-cUALUPgVW2jND2RGWyNH9v3epsKz5Ce3QujfnpFAdHKFVj4tjjZMU0FYlbFo9SBxosWPTnZzjIuNO6GROQwR1Q==",
      "license": "MIT",
      "dependencies": {
        "@opentelemetry/api": "^1.9.1",
        "@sentry/conventions": "^0.26.0",
        "@sentry/core": "11.5.0"
      },
      "engines": {
        "node": ">=20.19.0 <22.0.0 || >=22.12.0 <23.0.0 || >=23.2.0"
      }
    },
    "node_modules/balanced-match": {
      "version": "4.0.4",
      "resolved": "https://registry.npmjs.org/balanced-match/-/balanced-match-4.0.4.tgz",
      "integrity": "sha512-BLrgEcRTwX2o6gGxGOCNyMvGSp35YofuYzw9h1IMTRmKqttAZZVU67bdb9Pr2vUHA8+j3i2tJfjO6C6+4myGTA==",
      "license": "MIT",
      "engines": {
        "node": "18 || 20 || >=22"
      }
    },
    "node_modules/brace-expansion": {
      "version": "5.0.12",
      "resolved": "https://registry.npmjs.org/brace-expansion/-/brace-expansion-5.0.12.tgz",
      "integrity": "sha512-YovQ3rzhaLMIrDjNDMkNS01tea93qhEhG5xy8f6+R0l+dw3Ki+5sCoIoI942iuLZTHWogWktgwVDhU09iNEimQ==",
      "license": "MIT",
      "dependencies": {
        "balanced-match": "^4.0.2"
      },
      "engines": {
        "node": "20 || >=22"
      }
    },
    "node_modules/dotenv": {
      "version": "17.4.2",
      "resolved": "https://registry.npmjs.org/dotenv/-/dotenv-17.4.2.tgz",
      "integrity": "sha512-nI4U3TottKAcAD9LLud4Cb7b2QztQMUEfHbvhTH09bqXTxnSie8WnjPALV/WMCrJZ6UV/qHJ6L03OqO3LcdYZw==",
      "license": "BSD-2-Clause",
      "engines": {
        "node": ">=12"
      },
      "funding": {
        "url": "https://dotenvx.com"
      }
    },
    "node_modules/effect": {
      "version": "4.0.1",
      "resolved": "https://registry.npmjs.org/effect/-/effect-4.0.1.tgz",
      "integrity": "sha512-b1VlQG9g8fwxE5QnIZuPoOP/0MsqHJSRKxUijjoM80E5q95FXrX5yWtY5XI8G+GJsBQAVSDbLS458z9a++uVvw==",
      "license": "MIT"
    },
    "node_modules/glob": {
      "version": "13.0.6",
      "resolved": "https://registry.npmjs.org/glob/-/glob-13.0.6.tgz",
      "integrity": "sha512-Wjlyrolmm8uDpm/ogGyXZXb1Z+Ca2B8NbJwqBVg0axK9GbBeoS7yGV6vjXnYdGm6X53iehEuxxbyiKp8QmN4Vw==",
      "license": "BlueOak-1.0.0",
      "dependencies": {
        "minimatch": "^10.2.2",
        "minipass": "^7.1.3",
        "path-scurry": "^2.0.2"
      },
      "engines": {
        "node": "18 || 20 || >=22"
      },
      "funding": {
        "url": "https://github.com/sponsors/isaacs"
      }
    },
    "node_modules/has-flag": {
      "version": "4.0.0",
      "resolved": "https://registry.npmjs.org/has-flag/-/has-flag-4.0.0.tgz",
      "integrity": "sha512-EykJT/Q1KjTWctppgIAgfSO0tKVuZUjhgMr17kqTumMl6Afv3EISleU7qZUzoXDFTAHTDC4NOoG/ZxU3EvlMPQ==",
      "license": "MIT",
      "engines": {
        "node": ">=8"
      }
    },
    "node_modules/hevy-mcp": {
      "version": "6.1.21",
      "resolved": "https://registry.npmjs.org/hevy-mcp/-/hevy-mcp-6.1.21.tgz",
      "integrity": "sha512-ZCN1hIGJcosAGmV4GGbad26e+4PliedGANiGrZ7joEJKyZ64u0ZWffeZz9RC/NPXApq5ahL0ANi7cwfuqrNs+w==",
      "dependencies": {
        "@effect/opentelemetry": "4.0.1",
        "@modelcontextprotocol/node": "2.1.1",
        "@modelcontextprotocol/server": "2.3.1",
        "@opentelemetry/api": "^1.9.1",
        "@opentelemetry/exporter-metrics-otlp-http": "^0.222.0",
        "@opentelemetry/exporter-trace-otlp-http": "^0.222.0",
        "@opentelemetry/resources": "^2.11.0",
        "@opentelemetry/sdk-metrics": "^2.11.0",
        "@opentelemetry/sdk-trace-base": "^2.11.0",
        "@opentelemetry/sdk-trace-node": "^2.11.0",
        "@sentry/node": "^11.4.0",
        "effect": "^4.0.1",
        "semver": "^7.8.5",
        "zod": "^4.6.5"
      },
      "bin": {
        "hevy-mcp": "dist/cli.mjs"
      },
      "engines": {
        "node": ">=20.0.0"
      }
    },
    "node_modules/hevy-mcp/node_modules/@opentelemetry/core": {
      "version": "2.12.0",
      "resolved": "https://registry.npmjs.org/@opentelemetry/core/-/core-2.12.0.tgz",
      "integrity": "sha512-1HsSAuvT4/my0QrXWsyXFdWjKaPeCHsismKZgEEIb8NK13LP6DrMRlsUbvD/0F9mDWK3xDom9AMv3IscxgOnOQ==",
      "license": "Apache-2.0",
      "dependencies": {
        "@opentelemetry/semantic-conventions": "^1.29.0"
      },
      "engines": {
        "node": "^18.19.0 || >=20.6.0"
      },
      "peerDependencies": {
        "@opentelemetry/api": ">=1.0.0 <1.10.0"
      }
    },
    "node_modules/hevy-mcp/node_modules/@opentelemetry/resources": {
      "version": "2.12.0",
      "resolved": "https://registry.npmjs.org/@opentelemetry/resources/-/resources-2.12.0.tgz",
      "integrity": "sha512-+rSRoOdln6NhXTVcBdHSlZxJDNzwxadeweK2ltZO3tVtfp6aklABc06xclDk6ovRR+EiGgIcSbh/6NgjFhnb3A==",
      "license": "Apache-2.0",
      "dependencies": {
        "@opentelemetry/core": "2.12.0",
        "@opentelemetry/semantic-conventions": "^1.29.0"
      },
      "engines": {
        "node": "^18.19.0 || >=20.6.0"
      },
      "peerDependencies": {
        "@opentelemetry/api": ">=1.3.0 <1.10.0"
      }
    },
    "node_modules/hevy-mcp/node_modules/@opentelemetry/sdk-metrics": {
      "version": "2.12.0",
      "resolved": "https://registry.npmjs.org/@opentelemetry/sdk-metrics/-/sdk-metrics-2.12.0.tgz",
      "integrity": "sha512-mVMaEHwCUJuY3S4Esn+nT0yQA3qCEGh+SOPJsXygU0Gl453WcsDNjtEa8EfdewMwoLyr1tlofB4fXytVpiXuow==",
      "license": "Apache-2.0",
      "dependencies": {
        "@opentelemetry/core": "2.12.0",
        "@opentelemetry/resources": "2.12.0"
      },
      "engines": {
        "node": "^18.19.0 || >=20.6.0"
      },
      "peerDependencies": {
        "@opentelemetry/api": ">=1.9.0 <1.10.0"
      }
    },
    "node_modules/hono": {
      "version": "4.12.27",
      "resolved": "https://registry.npmjs.org/hono/-/hono-4.12.27.tgz",
      "integrity": "sha512-1yrb/+w6HWQJrUCLkJ2IF5jNIPvvFkblV5RNOYl6bV+OA6p9GLcMpHFFGTosSvHvcAUibuUukRqhlYI4z32C7Q==",
      "license": "MIT",
      "engines": {
        "node": ">=16.9.0"
      }
    },
    "node_modules/lru-cache": {
      "version": "11.5.3",
      "resolved": "https://registry.npmjs.org/lru-cache/-/lru-cache-11.5.3.tgz",
      "integrity": "sha512-U4N8FgzmWxc8k1VH8Kr6lQg18U7Fjvby6wXHVRX/ZZ7IwWbRMgrRbP0Wrb5q5NVinryp4SQampHKdvtecItxUg==",
      "license": "BlueOak-1.0.0",
      "engines": {
        "node": "20 || >=22"
      }
    },
    "node_modules/magic-string": {
      "version": "1.4.3",
      "resolved": "https://registry.npmjs.org/magic-string/-/magic-string-1.4.3.tgz",
      "integrity": "sha512-z12OxmaPGE0F4xlpGdjuAUckipLpQlTAuAmyGhNoD7ODpYUzvDfvtxUbjM/jwznyP178oju/KDdyi220wNJ0RQ==",
      "license": "MIT",
      "dependencies": {
        "@jridgewell/sourcemap-codec": "^1.6.0"
      }
    },
    "node_modules/minimatch": {
      "version": "10.2.6",
      "resolved": "https://registry.npmjs.org/minimatch/-/minimatch-10.2.6.tgz",
      "integrity": "sha512-vpLQEs+VLCr1nU0BXS07maYoFwlDAH0gngQuuttxIwutDFEMHq2blX+8vpgxDdK3J1PwjCJiep77OitTZ4Ll1A==",
      "license": "BlueOak-1.0.0",
      "dependencies": {
        "brace-expansion": "^5.0.8"
      },
      "engines": {
        "node": "18 || 20 || >=22"
      },
      "funding": {
        "url": "https://github.com/sponsors/isaacs"
      }
    },
    "node_modules/minipass": {
      "version": "7.1.3",
      "resolved": "https://registry.npmjs.org/minipass/-/minipass-7.1.3.tgz",
      "integrity": "sha512-tEBHqDnIoM/1rXME1zgka9g6Q2lcoCkxHLuc7ODJ5BxbP5d4c2Z5cGgtXAku59200Cx7diuHTOYfSBD8n6mm8A==",
      "license": "BlueOak-1.0.0",
      "engines": {
        "node": ">=16 || 14 >=14.17"
      }
    },
    "node_modules/oxc-parser": {
      "version": "0.152.0",
      "resolved": "https://registry.npmjs.org/oxc-parser/-/oxc-parser-0.152.0.tgz",
      "integrity": "sha512-ZztsZgaCWmPeKYMdoTT5e0oV/oxD1NeLWNR3kAtr/G707cUPYaaozRlVDHLCGnszHJRszN9mJwmPNpqgwloC0A==",
      "license": "MIT",
      "dependencies": {
        "@oxc-project/types": "^0.152.0"
      },
      "engines": {
        "node": "^20.19.0 || >=22.12.0"
      },
      "funding": {
        "url": "https://github.com/sponsors/oxc-project"
      },
      "optionalDependencies": {
        "@oxc-parser/binding-android-arm-eabi": "0.152.0",
        "@oxc-parser/binding-android-arm64": "0.152.0",
        "@oxc-parser/binding-darwin-arm64": "0.152.0",
        "@oxc-parser/binding-darwin-x64": "0.152.0",
        "@oxc-parser/binding-freebsd-x64": "0.152.0",
        "@oxc-parser/binding-linux-arm-gnueabihf": "0.152.0",
        "@oxc-parser/binding-linux-arm-musleabihf": "0.152.0",
        "@oxc-parser/binding-linux-arm64-gnu": "0.152.0",
        "@oxc-parser/binding-linux-arm64-musl": "0.152.0",
        "@oxc-parser/binding-linux-ppc64-gnu": "0.152.0",
        "@oxc-parser/binding-linux-riscv64-gnu": "0.152.0",
        "@oxc-parser/binding-linux-riscv64-musl": "0.152.0",
        "@oxc-parser/binding-linux-s390x-gnu": "0.152.0",
        "@oxc-parser/binding-linux-x64-gnu": "0.152.0",
        "@oxc-parser/binding-linux-x64-musl": "0.152.0",
        "@oxc-parser/binding-openharmony-arm64": "0.152.0",
        "@oxc-parser/binding-win32-arm64-msvc": "0.152.0",
        "@oxc-parser/binding-win32-ia32-msvc": "0.152.0",
        "@oxc-parser/binding-win32-x64-msvc": "0.152.0"
      }
    },
    "node_modules/path-scurry": {
      "version": "2.0.2",
      "resolved": "https://registry.npmjs.org/path-scurry/-/path-scurry-2.0.2.tgz",
      "integrity": "sha512-3O/iVVsJAPsOnpwWIeD+d6z/7PmqApyQePUtCndjatj/9I5LylHvt5qluFaBT3I5h3r1ejfR056c+FCv+NnNXg==",
      "license": "BlueOak-1.0.0",
      "dependencies": {
        "lru-cache": "^11.0.0",
        "minipass": "^7.1.2"
      },
      "engines": {
        "node": "18 || 20 || >=22"
      },
      "funding": {
        "url": "https://github.com/sponsors/isaacs"
      }
    },
    "node_modules/semver": {
      "version": "7.8.5",
      "resolved": "https://registry.npmjs.org/semver/-/semver-7.8.5.tgz",
      "integrity": "sha512-Y7/KDsb8LjooZpwaqGyulO6DQlksgCncchHGk+sZIY4SBvUocMBEFH5Ur1fI4dV+Jvl0w6cjvucaIi40puRioA==",
      "license": "ISC",
      "bin": {
        "semver": "bin/semver.js"
      },
      "engines": {
        "node": ">=10"
      }
    },
    "node_modules/sentry": {
      "version": "0.45.0",
      "resolved": "https://registry.npmjs.org/sentry/-/sentry-0.45.0.tgz",
      "integrity": "sha512-kgmEbLlC22lL7uneeUm9Sjz65rp5cvwYOMTxXbZCmBum4sbVre/lLT3zTV3kwXHJ9/BM8ZS0/GhZe9Cl1t6WyA==",
      "license": "FSL-1.1-Apache-2.0",
      "bin": {
        "sentry": "dist/bin.cjs"
      },
      "engines": {
        "node": ">=20.0"
      }
    },
    "node_modules/supports-color": {
      "version": "8.1.1",
      "resolved": "https://registry.npmjs.org/supports-color/-/supports-color-8.1.1.tgz",
      "integrity": "sha512-MpUEN2OodtUzxvKQl72cUF7RQ5EiHsGvSsVG0ia9c5RbWGL2CI4C7EpPS8UTBIplnlzZiNuV56w+FuNxy3ty2Q==",
      "license": "MIT",
      "dependencies": {
        "has-flag": "^4.0.0"
      },
      "engines": {
        "node": ">=10"
      },
      "funding": {
        "url": "https://github.com/chalk/supports-color?sponsor=1"
      }
    },
    "node_modules/zod": {
      "version": "4.6.5",
      "resolved": "https://registry.npmjs.org/zod/-/zod-4.6.5.tgz",
      "integrity": "sha512-v5l/aFXZQeai4awLbOpSoHecE9UiMrnfx75tEXLjNonXVARxQ5mOeipTjROUchszUNCqnE+hqAMujRsRHsut2Q==",
      "license": "MIT",
      "funding": {
        "url": "https://github.com/sponsors/colinhacks"
      }
    }
  }
}
